
Microsoft Visual Studio Solution File, Format Version 12.00
# Visual Studio Version 16
VisualStudioVersion = 16.0.31005.135
MinimumVisualStudioVersion = 10.0.40219.1
Project("{FAE04EC0-301F-11D3-BF4B-00C04F79EFBC}") = "ServerConfigRest_20190140086_Abdil Tegar", "ServerConfigRest_20190140086_Abdil Tegar\ServerConfigRest_20190140086_Abdil Tegar.csproj", "{7122D973-3AB9-47B2-BEA3-41BBCB9B70BC}"
EndProject
Global
	GlobalSection(SolutionConfigurationPlatforms) = preSolution
		Debug|Any CPU = Debug|Any CPU
		Release|Any CPU = Release|Any CPU
	EndGlobalSection
	GlobalSection(ProjectConfigurationPlatforms) = postSolution
		{7122D973-3AB9-47B2-BEA3-41BBCB9B70BC}.Debug|Any CPU.ActiveCfg = Debug|Any CPU
		{7122D973-3AB9-47B2-BEA3-41BBCB9B70BC}.Debug|Any CPU.Build.0 = Debug|Any CPU
		{7122D973-3AB9-47B2-BEA3-41BBCB9B70BC}.Release|Any CPU.ActiveCfg = Release|Any CPU
		{7122D973-3AB9-47B2-BEA3-41BBCB9B70BC}.Release|Any CPU.Build.0 = Release|Any CPU
	EndGlobalSection
	GlobalSection(SolutionProperties) = preSolution
		HideSolutionNode = FALSE
	EndGlobalSection
	GlobalSection(ExtensibilityGlobals) = postSolution
		SolutionGuid = {F3095F7D-EE13-4E9C-9E9F-F70C95A2CBE3}
	EndGlobalSection
EndGlobal
